// !$*UTF8*$!
{
	archiveVersion = 1;
	classes = {
	};
	objectVersion = 60;
	objects = {

/* Begin PBXBuildFile section */
		7A0B00000000000000000040 /* Sources/FermoApp/FermoApp.swift in Sources */ = {isa = PBXBuildFile; fileRef = 7A0B00000000000000000010 /* Sources/FermoApp/FermoApp.swift */; };
		7A0B00000000000000000041 /* FermoFilterExtension/FermoFilterDataProvider.swift in Sources */ = {isa = PBXBuildFile; fileRef = 7A0B00000000000000000020 /* FermoFilterExtension/FermoFilterDataProvider.swift */; };
		7A0B00000000000000000042 /* FermoFilterExtension/main.swift in Sources */ = {isa = PBXBuildFile; fileRef = 7A0B00000000000000000021 /* FermoFilterExtension/main.swift */; };
		7A0B00000000000000000043 /* NetworkExtension.framework in Frameworks */ = {isa = PBXBuildFile; fileRef = 7A0B00000000000000000024 /* NetworkExtension.framework */; };
		7A0B00000000000000000044 /* FermoCore in Frameworks */ = {isa = PBXBuildFile; productRef = 7A0B00000000000000000091 /* FermoCore */; };
		7A0B00000000000000000045 /* FermoSystem in Frameworks */ = {isa = PBXBuildFile; productRef = 7A0B00000000000000000092 /* FermoSystem */; };
		7A0B00000000000000000046 /* FermoCore in Frameworks */ = {isa = PBXBuildFile; productRef = 7A0B00000000000000000091 /* FermoCore */; };
		7A0B00000000000000000047 /* FermoFilterExtension.systemextension in Embed System Extensions */ = {isa = PBXBuildFile; fileRef = 7A0B00000000000000000031 /* FermoFilterExtension.systemextension */; settings = {ATTRIBUTES = (CodeSignOnCopy, RemoveHeadersOnCopy, ); }; };
		7A0B00000000000000000048 /* Sources/FermoHelper/main.swift in Sources */ = {isa = PBXBuildFile; fileRef = 7A0B00000000000000000016 /* Sources/FermoHelper/main.swift */; };
		7A0B00000000000000000049 /* FermoHelper.app in Embed Login Items */ = {isa = PBXBuildFile; fileRef = 7A0B00000000000000000032 /* FermoHelper.app */; settings = {ATTRIBUTES = (CodeSignOnCopy, RemoveHeadersOnCopy, ); }; };
		7A0B0000000000000000004A /* FermoCore in Frameworks */ = {isa = PBXBuildFile; productRef = 7A0B00000000000000000091 /* FermoCore */; };
		7A0B0000000000000000004B /* FermoSystem in Frameworks */ = {isa = PBXBuildFile; productRef = 7A0B00000000000000000092 /* FermoSystem */; };
		7A0B0000000000000000004C /* Xcode/Fermo/Assets.xcassets in Resources */ = {isa = PBXBuildFile; fileRef = 7A0B00000000000000000017 /* Xcode/Fermo/Assets.xcassets */; };
/* End PBXBuildFile section */

/* Begin PBXContainerItemProxy section */
		7A0B00000000000000000062 /* PBXContainerItemProxy */ = {
			isa = PBXContainerItemProxy;
			containerPortal = 7A0B00000000000000000099 /* Project object */;
			proxyType = 1;
			remoteGlobalIDString = 7A0B00000000000000000061;
			remoteInfo = FermoFilterExtension;
		};
		7A0B00000000000000000064 /* PBXContainerItemProxy */ = {
			isa = PBXContainerItemProxy;
			containerPortal = 7A0B00000000000000000099 /* Project object */;
			proxyType = 1;
			remoteGlobalIDString = 7A0B00000000000000000067;
			remoteInfo = FermoHelper;
		};
/* End PBXContainerItemProxy section */

/* Begin PBXCopyFilesBuildPhase section */
		7A0B00000000000000000052 /* Embed System Extensions */ = {
			isa = PBXCopyFilesBuildPhase;
			buildActionMask = 2147483647;
			dstPath = Contents/Library/SystemExtensions;
			dstSubfolderSpec = 1;
			files = (
				7A0B00000000000000000047 /* FermoFilterExtension.systemextension in Embed System Extensions */,
			);
			name = "Embed System Extensions";
			runOnlyForDeploymentPostprocessing = 0;
		};
		7A0B00000000000000000058 /* Embed Login Items */ = {
			isa = PBXCopyFilesBuildPhase;
			buildActionMask = 2147483647;
			dstPath = Contents/Library/LoginItems;
			dstSubfolderSpec = 1;
			files = (
				7A0B00000000000000000049 /* FermoHelper.app in Embed Login Items */,
			);
			name = "Embed Login Items";
			runOnlyForDeploymentPostprocessing = 0;
		};
/* End PBXCopyFilesBuildPhase section */

/* Begin PBXFileReference section */
		7A0B00000000000000000010 /* Sources/FermoApp/FermoApp.swift */ = {isa = PBXFileReference; lastKnownFileType = sourcecode.swift; path = Sources/FermoApp/FermoApp.swift; sourceTree = SOURCE_ROOT; };
		7A0B00000000000000000011 /* Xcode/Fermo/Info.plist */ = {isa = PBXFileReference; lastKnownFileType = text.plist.xml; path = Xcode/Fermo/Info.plist; sourceTree = SOURCE_ROOT; };
		7A0B00000000000000000012 /* Xcode/Fermo/Fermo.entitlements */ = {isa = PBXFileReference; lastKnownFileType = text.plist.entitlements; path = Xcode/Fermo/Fermo.entitlements; sourceTree = SOURCE_ROOT; };
		7A0B00000000000000000013 /* Xcode/Configs/DevelopmentTeam.xcconfig.example */ = {isa = PBXFileReference; lastKnownFileType = text.xcconfig; path = Xcode/Configs/DevelopmentTeam.xcconfig.example; sourceTree = SOURCE_ROOT; };
		7A0B00000000000000000014 /* Xcode/FermoHelper/Info.plist */ = {isa = PBXFileReference; lastKnownFileType = text.plist.xml; path = Xcode/FermoHelper/Info.plist; sourceTree = SOURCE_ROOT; };
		7A0B00000000000000000015 /* Xcode/FermoHelper/FermoHelper.entitlements */ = {isa = PBXFileReference; lastKnownFileType = text.plist.entitlements; path = Xcode/FermoHelper/FermoHelper.entitlements; sourceTree = SOURCE_ROOT; };
		7A0B00000000000000000016 /* Sources/FermoHelper/main.swift */ = {isa = PBXFileReference; lastKnownFileType = sourcecode.swift; path = Sources/FermoHelper/main.swift; sourceTree = SOURCE_ROOT; };
		7A0B00000000000000000017 /* Xcode/Fermo/Assets.xcassets */ = {isa = PBXFileReference; lastKnownFileType = folder.assetcatalog; path = Xcode/Fermo/Assets.xcassets; sourceTree = SOURCE_ROOT; };
		7A0B00000000000000000020 /* FermoFilterExtension/FermoFilterDataProvider.swift */ = {isa = PBXFileReference; lastKnownFileType = sourcecode.swift; path = FermoFilterExtension/FermoFilterDataProvider.swift; sourceTree = SOURCE_ROOT; };
		7A0B00000000000000000021 /* FermoFilterExtension/main.swift */ = {isa = PBXFileReference; lastKnownFileType = sourcecode.swift; path = FermoFilterExtension/main.swift; sourceTree = SOURCE_ROOT; };
		7A0B00000000000000000022 /* FermoFilterExtension/Info.plist */ = {isa = PBXFileReference; lastKnownFileType = text.plist.xml; path = FermoFilterExtension/Info.plist; sourceTree = SOURCE_ROOT; };
		7A0B00000000000000000023 /* FermoFilterExtension/FermoFilterExtension.entitlements */ = {isa = PBXFileReference; lastKnownFileType = text.plist.entitlements; path = FermoFilterExtension/FermoFilterExtension.entitlements; sourceTree = SOURCE_ROOT; };
		7A0B00000000000000000024 /* NetworkExtension.framework */ = {isa = PBXFileReference; lastKnownFileType = wrapper.framework; name = NetworkExtension.framework; path = System/Library/Frameworks/NetworkExtension.framework; sourceTree = SDKROOT; };
		7A0B00000000000000000030 /* Fermo.app */ = {isa = PBXFileReference; explicitFileType = wrapper.application; includeInIndex = 0; path = Fermo.app; sourceTree = BUILT_PRODUCTS_DIR; };
		7A0B00000000000000000031 /* FermoFilterExtension.systemextension */ = {isa = PBXFileReference; explicitFileType = "wrapper.system-extension"; includeInIndex = 0; path = com.toolary.fermo.filter.systemextension; sourceTree = BUILT_PRODUCTS_DIR; };
		7A0B00000000000000000032 /* FermoHelper.app */ = {isa = PBXFileReference; explicitFileType = wrapper.application; includeInIndex = 0; path = FermoHelper.app; sourceTree = BUILT_PRODUCTS_DIR; };
/* End PBXFileReference section */

/* Begin PBXFrameworksBuildPhase section */
		7A0B00000000000000000051 /* Frameworks */ = {
			isa = PBXFrameworksBuildPhase;
			buildActionMask = 2147483647;
			files = (
				7A0B00000000000000000045 /* FermoSystem in Frameworks */,
				7A0B00000000000000000044 /* FermoCore in Frameworks */,
			);
			runOnlyForDeploymentPostprocessing = 0;
		};
		7A0B00000000000000000054 /* Frameworks */ = {
			isa = PBXFrameworksBuildPhase;
			buildActionMask = 2147483647;
			files = (
				7A0B00000000000000000046 /* FermoCore in Frameworks */,
				7A0B00000000000000000043 /* NetworkExtension.framework in Frameworks */,
			);
			runOnlyForDeploymentPostprocessing = 0;
		};
		7A0B00000000000000000056 /* Frameworks */ = {
			isa = PBXFrameworksBuildPhase;
			buildActionMask = 2147483647;
			files = (
				7A0B0000000000000000004B /* FermoSystem in Frameworks */,
				7A0B0000000000000000004A /* FermoCore in Frameworks */,
			);
			runOnlyForDeploymentPostprocessing = 0;
		};
/* End PBXFrameworksBuildPhase section */

/* Begin PBXGroup section */
		7A0B00000000000000000001 = {
			isa = PBXGroup;
			children = (
				7A0B00000000000000000007 /* Package App Source */,
				7A0B0000000000000000000A /* Package Helper Source */,
				7A0B00000000000000000003 /* Xcode */,
				7A0B00000000000000000006 /* FermoFilterExtension */,
				7A0B00000000000000000008 /* Frameworks */,
				7A0B00000000000000000002 /* Products */,
			);
			sourceTree = "<group>";
		};
		7A0B00000000000000000002 /* Products */ = {
			isa = PBXGroup;
			children = (
				7A0B00000000000000000030 /* Fermo.app */,
				7A0B00000000000000000031 /* FermoFilterExtension.systemextension */,
				7A0B00000000000000000032 /* FermoHelper.app */,
			);
			name = Products;
			sourceTree = "<group>";
		};
		7A0B00000000000000000003 /* Xcode */ = {
			isa = PBXGroup;
			children = (
				7A0B00000000000000000004 /* Fermo */,
				7A0B00000000000000000009 /* FermoHelper */,
				7A0B00000000000000000005 /* Configs */,
			);
			path = Xcode;
			sourceTree = "<group>";
		};
		7A0B00000000000000000004 /* Fermo */ = {
			isa = PBXGroup;
			children = (
				7A0B00000000000000000011 /* Xcode/Fermo/Info.plist */,
				7A0B00000000000000000012 /* Xcode/Fermo/Fermo.entitlements */,
				7A0B00000000000000000017 /* Xcode/Fermo/Assets.xcassets */,
			);
			path = Fermo;
			sourceTree = "<group>";
		};
		7A0B00000000000000000009 /* FermoHelper */ = {
			isa = PBXGroup;
			children = (
				7A0B00000000000000000014 /* Xcode/FermoHelper/Info.plist */,
				7A0B00000000000000000015 /* Xcode/FermoHelper/FermoHelper.entitlements */,
			);
			path = FermoHelper;
			sourceTree = "<group>";
		};
		7A0B00000000000000000005 /* Configs */ = {
			isa = PBXGroup;
			children = (
				7A0B00000000000000000013 /* Xcode/Configs/DevelopmentTeam.xcconfig.example */,
			);
			path = Configs;
			sourceTree = "<group>";
		};
		7A0B00000000000000000006 /* FermoFilterExtension */ = {
			isa = PBXGroup;
			children = (
				7A0B00000000000000000020 /* FermoFilterExtension/FermoFilterDataProvider.swift */,
				7A0B00000000000000000021 /* FermoFilterExtension/main.swift */,
				7A0B00000000000000000022 /* FermoFilterExtension/Info.plist */,
				7A0B00000000000000000023 /* FermoFilterExtension/FermoFilterExtension.entitlements */,
			);
			path = FermoFilterExtension;
			sourceTree = "<group>";
		};
		7A0B00000000000000000007 /* Package App Source */ = {
			isa = PBXGroup;
			children = (
				7A0B00000000000000000010 /* Sources/FermoApp/FermoApp.swift */,
			);
			name = "Package App Source";
			sourceTree = "<group>";
		};
		7A0B0000000000000000000A /* Package Helper Source */ = {
			isa = PBXGroup;
			children = (
				7A0B00000000000000000016 /* Sources/FermoHelper/main.swift */,
			);
			name = "Package Helper Source";
			sourceTree = "<group>";
		};
		7A0B00000000000000000008 /* Frameworks */ = {
			isa = PBXGroup;
			children = (
				7A0B00000000000000000024 /* NetworkExtension.framework */,
			);
			name = Frameworks;
			sourceTree = "<group>";
		};
/* End PBXGroup section */

/* Begin PBXNativeTarget section */
		7A0B00000000000000000060 /* Fermo */ = {
			isa = PBXNativeTarget;
			buildConfigurationList = 7A0B00000000000000000070 /* Build configuration list for PBXNativeTarget "Fermo" */;
			buildPhases = (
				7A0B00000000000000000050 /* Sources */,
				7A0B00000000000000000051 /* Frameworks */,
				7A0B00000000000000000059 /* Resources */,
				7A0B00000000000000000052 /* Embed System Extensions */,
				7A0B00000000000000000058 /* Embed Login Items */,
			);
			buildRules = (
			);
			dependencies = (
				7A0B00000000000000000063 /* PBXTargetDependency */,
				7A0B00000000000000000066 /* PBXTargetDependency */,
			);
			name = Fermo;
			packageProductDependencies = (
				7A0B00000000000000000091 /* FermoCore */,
				7A0B00000000000000000092 /* FermoSystem */,
			);
			productName = Fermo;
			productReference = 7A0B00000000000000000030 /* Fermo.app */;
			productType = "com.apple.product-type.application";
		};
		7A0B00000000000000000061 /* FermoFilterExtension */ = {
			isa = PBXNativeTarget;
			buildConfigurationList = 7A0B00000000000000000071 /* Build configuration list for PBXNativeTarget "FermoFilterExtension" */;
			buildPhases = (
				7A0B00000000000000000053 /* Sources */,
				7A0B00000000000000000054 /* Frameworks */,
			);
			buildRules = (
			);
			dependencies = (
			);
			name = FermoFilterExtension;
			packageProductDependencies = (
				7A0B00000000000000000091 /* FermoCore */,
			);
			productName = FermoFilterExtension;
			productReference = 7A0B00000000000000000031 /* FermoFilterExtension.systemextension */;
			productType = "com.apple.product-type.system-extension";
		};
		7A0B00000000000000000067 /* FermoHelper */ = {
			isa = PBXNativeTarget;
			buildConfigurationList = 7A0B00000000000000000073 /* Build configuration list for PBXNativeTarget "FermoHelper" */;
			buildPhases = (
				7A0B00000000000000000055 /* Sources */,
				7A0B00000000000000000056 /* Frameworks */,
			);
			buildRules = (
			);
			dependencies = (
			);
			name = FermoHelper;
			packageProductDependencies = (
				7A0B00000000000000000091 /* FermoCore */,
				7A0B00000000000000000092 /* FermoSystem */,
			);
			productName = FermoHelper;
			productReference = 7A0B00000000000000000032 /* FermoHelper.app */;
			productType = "com.apple.product-type.application";
		};
/* End PBXNativeTarget section */

/* Begin PBXProject section */
		7A0B00000000000000000099 /* Project object */ = {
			isa = PBXProject;
			attributes = {
				BuildIndependentTargetsInParallel = 1;
				LastSwiftUpdateCheck = 2620;
				LastUpgradeCheck = 2620;
				TargetAttributes = {
					7A0B00000000000000000060 = {
						CreatedOnToolsVersion = 26.2;
					};
					7A0B00000000000000000061 = {
						CreatedOnToolsVersion = 26.2;
					};
					7A0B00000000000000000067 = {
						CreatedOnToolsVersion = 26.2;
					};
				};
			};
			buildConfigurationList = 7A0B00000000000000000072 /* Build configuration list for PBXProject "Fermo" */;
			compatibilityVersion = "Xcode 14.0";
			developmentRegion = en;
			hasScannedForEncodings = 0;
			knownRegions = (
				en,
				Base,
			);
			mainGroup = 7A0B00000000000000000001;
			packageReferences = (
				7A0B00000000000000000090 /* XCLocalSwiftPackageReference "." */,
			);
			productRefGroup = 7A0B00000000000000000002 /* Products */;
			projectDirPath = "";
			projectRoot = "";
			targets = (
				7A0B00000000000000000060 /* Fermo */,
				7A0B00000000000000000061 /* FermoFilterExtension */,
				7A0B00000000000000000067 /* FermoHelper */,
			);
		};
/* End PBXProject section */

/* Begin PBXResourcesBuildPhase section */
		7A0B00000000000000000059 /* Resources */ = {
			isa = PBXResourcesBuildPhase;
			buildActionMask = 2147483647;
			files = (
				7A0B0000000000000000004C /* Xcode/Fermo/Assets.xcassets in Resources */,
			);
			runOnlyForDeploymentPostprocessing = 0;
		};
/* End PBXResourcesBuildPhase section */

/* Begin PBXSourcesBuildPhase section */
		7A0B00000000000000000050 /* Sources */ = {
			isa = PBXSourcesBuildPhase;
			buildActionMask = 2147483647;
			files = (
				7A0B00000000000000000040 /* Sources/FermoApp/FermoApp.swift in Sources */,
			);
			runOnlyForDeploymentPostprocessing = 0;
		};
		7A0B00000000000000000053 /* Sources */ = {
			isa = PBXSourcesBuildPhase;
			buildActionMask = 2147483647;
			files = (
				7A0B00000000000000000041 /* FermoFilterExtension/FermoFilterDataProvider.swift in Sources */,
				7A0B00000000000000000042 /* FermoFilterExtension/main.swift in Sources */,
			);
			runOnlyForDeploymentPostprocessing = 0;
		};
		7A0B00000000000000000055 /* Sources */ = {
			isa = PBXSourcesBuildPhase;
			buildActionMask = 2147483647;
			files = (
				7A0B00000000000000000048 /* Sources/FermoHelper/main.swift in Sources */,
			);
			runOnlyForDeploymentPostprocessing = 0;
		};
/* End PBXSourcesBuildPhase section */

/* Begin PBXTargetDependency section */
		7A0B00000000000000000063 /* PBXTargetDependency */ = {
			isa = PBXTargetDependency;
			target = 7A0B00000000000000000061 /* FermoFilterExtension */;
			targetProxy = 7A0B00000000000000000062 /* PBXContainerItemProxy */;
		};
		7A0B00000000000000000066 /* PBXTargetDependency */ = {
			isa = PBXTargetDependency;
			target = 7A0B00000000000000000067 /* FermoHelper */;
			targetProxy = 7A0B00000000000000000064 /* PBXContainerItemProxy */;
		};
/* End PBXTargetDependency section */

/* Begin XCBuildConfiguration section */
		7A0B00000000000000000080 /* Debug */ = {
			isa = XCBuildConfiguration;
			buildSettings = {
				ASSETCATALOG_COMPILER_APPICON_NAME = AppIcon;
				CODE_SIGN_ENTITLEMENTS = Xcode/Fermo/Fermo.entitlements;
				CODE_SIGN_STYLE = Automatic;
				COMBINE_HIDPI_IMAGES = YES;
				CURRENT_PROJECT_VERSION = 3;
				DEVELOPMENT_TEAM = MP3AWS77U3;
				ENABLE_HARDENED_RUNTIME = YES;
				FERMO_APP_GROUP_IDENTIFIER = MP3AWS77U3.com.toolary.fermo;
				GENERATE_INFOPLIST_FILE = NO;
				INFOPLIST_FILE = Xcode/Fermo/Info.plist;
				LD_RUNPATH_SEARCH_PATHS = (
					"$(inherited)",
					"@executable_path/../Frameworks",
				);
				MARKETING_VERSION = 0.1.0;
				PRODUCT_BUNDLE_IDENTIFIER = com.toolary.fermo;
				PRODUCT_NAME = "$(TARGET_NAME)";
				SWIFT_EMIT_LOC_STRINGS = YES;
				SWIFT_VERSION = 6.0;
			};
			name = Debug;
		};
		7A0B00000000000000000081 /* Release */ = {
			isa = XCBuildConfiguration;
			buildSettings = {
				ASSETCATALOG_COMPILER_APPICON_NAME = AppIcon;
				CODE_SIGN_ENTITLEMENTS = Xcode/Fermo/Fermo.entitlements;
				CODE_SIGN_STYLE = Automatic;
				COMBINE_HIDPI_IMAGES = YES;
				CURRENT_PROJECT_VERSION = 3;
				DEVELOPMENT_TEAM = MP3AWS77U3;
				ENABLE_HARDENED_RUNTIME = YES;
				FERMO_APP_GROUP_IDENTIFIER = MP3AWS77U3.com.toolary.fermo;
				GENERATE_INFOPLIST_FILE = NO;
				INFOPLIST_FILE = Xcode/Fermo/Info.plist;
				LD_RUNPATH_SEARCH_PATHS = (
					"$(inherited)",
					"@executable_path/../Frameworks",
				);
				MARKETING_VERSION = 0.1.0;
				PRODUCT_BUNDLE_IDENTIFIER = com.toolary.fermo;
				PRODUCT_NAME = "$(TARGET_NAME)";
				SWIFT_EMIT_LOC_STRINGS = YES;
				SWIFT_VERSION = 6.0;
			};
			name = Release;
		};
		7A0B00000000000000000082 /* Debug */ = {
			isa = XCBuildConfiguration;
			buildSettings = {
				CODE_SIGN_ENTITLEMENTS = FermoFilterExtension/FermoFilterExtension.entitlements;
				CODE_SIGN_STYLE = Automatic;
				CURRENT_PROJECT_VERSION = 3;
				DEVELOPMENT_TEAM = MP3AWS77U3;
				ENABLE_HARDENED_RUNTIME = YES;
				FERMO_APP_GROUP_IDENTIFIER = MP3AWS77U3.com.toolary.fermo;
				GENERATE_INFOPLIST_FILE = NO;
				INFOPLIST_FILE = FermoFilterExtension/Info.plist;
				LD_RUNPATH_SEARCH_PATHS = (
					"$(inherited)",
					"@executable_path/../Frameworks",
					"@executable_path/../../../../Frameworks",
				);
				MARKETING_VERSION = 0.1.0;
				PRODUCT_BUNDLE_IDENTIFIER = com.toolary.fermo.filter;
				PRODUCT_MODULE_NAME = FermoFilterExtension;
				PRODUCT_NAME = "$(PRODUCT_BUNDLE_IDENTIFIER)";
				SKIP_INSTALL = YES;
				SWIFT_EMIT_LOC_STRINGS = YES;
				SWIFT_VERSION = 6.0;
			};
			name = Debug;
		};
		7A0B00000000000000000083 /* Release */ = {
			isa = XCBuildConfiguration;
			buildSettings = {
				CODE_SIGN_ENTITLEMENTS = FermoFilterExtension/FermoFilterExtension.entitlements;
				CODE_SIGN_STYLE = Automatic;
				CURRENT_PROJECT_VERSION = 3;
				DEVELOPMENT_TEAM = MP3AWS77U3;
				ENABLE_HARDENED_RUNTIME = YES;
				FERMO_APP_GROUP_IDENTIFIER = MP3AWS77U3.com.toolary.fermo;
				GENERATE_INFOPLIST_FILE = NO;
				INFOPLIST_FILE = FermoFilterExtension/Info.plist;
				LD_RUNPATH_SEARCH_PATHS = (
					"$(inherited)",
					"@executable_path/../Frameworks",
					"@executable_path/../../../../Frameworks",
				);
				MARKETING_VERSION = 0.1.0;
				PRODUCT_BUNDLE_IDENTIFIER = com.toolary.fermo.filter;
				PRODUCT_MODULE_NAME = FermoFilterExtension;
				PRODUCT_NAME = "$(PRODUCT_BUNDLE_IDENTIFIER)";
				SKIP_INSTALL = YES;
				SWIFT_EMIT_LOC_STRINGS = YES;
				SWIFT_VERSION = 6.0;
			};
			name = Release;
		};
		7A0B00000000000000000086 /* Debug */ = {
			isa = XCBuildConfiguration;
			buildSettings = {
				CODE_SIGN_ENTITLEMENTS = Xcode/FermoHelper/FermoHelper.entitlements;
				CODE_SIGN_STYLE = Automatic;
				COMBINE_HIDPI_IMAGES = YES;
				CURRENT_PROJECT_VERSION = 3;
				DEVELOPMENT_TEAM = MP3AWS77U3;
				ENABLE_HARDENED_RUNTIME = YES;
				FERMO_APP_GROUP_IDENTIFIER = MP3AWS77U3.com.toolary.fermo;
				GENERATE_INFOPLIST_FILE = NO;
				INFOPLIST_FILE = Xcode/FermoHelper/Info.plist;
				LD_RUNPATH_SEARCH_PATHS = (
					"$(inherited)",
					"@executable_path/../Frameworks",
				);
				MARKETING_VERSION = 0.1.0;
				PRODUCT_BUNDLE_IDENTIFIER = com.toolary.fermo.helper;
				PRODUCT_NAME = FermoHelper;
				SKIP_INSTALL = YES;
				SWIFT_EMIT_LOC_STRINGS = YES;
				SWIFT_VERSION = 6.0;
			};
			name = Debug;
		};
		7A0B00000000000000000087 /* Release */ = {
			isa = XCBuildConfiguration;
			buildSettings = {
				CODE_SIGN_ENTITLEMENTS = Xcode/FermoHelper/FermoHelper.entitlements;
				CODE_SIGN_STYLE = Automatic;
				COMBINE_HIDPI_IMAGES = YES;
				CURRENT_PROJECT_VERSION = 3;
				DEVELOPMENT_TEAM = MP3AWS77U3;
				ENABLE_HARDENED_RUNTIME = YES;
				FERMO_APP_GROUP_IDENTIFIER = MP3AWS77U3.com.toolary.fermo;
				GENERATE_INFOPLIST_FILE = NO;
				INFOPLIST_FILE = Xcode/FermoHelper/Info.plist;
				LD_RUNPATH_SEARCH_PATHS = (
					"$(inherited)",
					"@executable_path/../Frameworks",
				);
				MARKETING_VERSION = 0.1.0;
				PRODUCT_BUNDLE_IDENTIFIER = com.toolary.fermo.helper;
				PRODUCT_NAME = FermoHelper;
				SKIP_INSTALL = YES;
				SWIFT_EMIT_LOC_STRINGS = YES;
				SWIFT_VERSION = 6.0;
			};
			name = Release;
		};
		7A0B00000000000000000084 /* Debug */ = {
			isa = XCBuildConfiguration;
			buildSettings = {
				ALWAYS_SEARCH_USER_PATHS = NO;
				CLANG_ANALYZER_NONNULL = YES;
				CLANG_ANALYZER_NUMBER_OBJECT_CONVERSION = YES_AGGRESSIVE;
				CLANG_CXX_LANGUAGE_STANDARD = "gnu++20";
				CLANG_ENABLE_MODULES = YES;
				CLANG_ENABLE_OBJC_ARC = YES;
				CLANG_ENABLE_OBJC_WEAK = YES;
				CLANG_WARN_BLOCK_CAPTURE_AUTORELEASING = YES;
				CLANG_WARN_BOOL_CONVERSION = YES;
				CLANG_WARN_COMMA = YES;
				CLANG_WARN_CONSTANT_CONVERSION = YES;
				CLANG_WARN_DEPRECATED_OBJC_IMPLEMENTATIONS = YES;
				CLANG_WARN_DIRECT_OBJC_ISA_USAGE = YES_ERROR;
				CLANG_WARN_DOCUMENTATION_COMMENTS = YES;
				CLANG_WARN_EMPTY_BODY = YES;
				CLANG_WARN_ENUM_CONVERSION = YES;
				CLANG_WARN_INFINITE_RECURSION = YES;
				CLANG_WARN_INT_CONVERSION = YES;
				CLANG_WARN_NON_LITERAL_NULL_CONVERSION = YES;
				CLANG_WARN_OBJC_IMPLICIT_RETAIN_SELF = YES;
				CLANG_WARN_OBJC_LITERAL_CONVERSION = YES;
				CLANG_WARN_OBJC_ROOT_CLASS = YES_ERROR;
				CLANG_WARN_QUOTED_INCLUDE_IN_FRAMEWORK_HEADER = YES;
				CLANG_WARN_RANGE_LOOP_ANALYSIS = YES;
				CLANG_WARN_STRICT_PROTOTYPES = YES;
				CLANG_WARN_SUSPICIOUS_MOVE = YES;
				CLANG_WARN_UNGUARDED_AVAILABILITY = YES_AGGRESSIVE;
				CLANG_WARN_UNREACHABLE_CODE = YES;
				CLANG_WARN__DUPLICATE_METHOD_MATCH = YES;
				COPY_PHASE_STRIP = NO;
				DEBUG_INFORMATION_FORMAT = dwarf;
				ENABLE_STRICT_OBJC_MSGSEND = YES;
				ENABLE_TESTABILITY = YES;
				ENABLE_USER_SCRIPT_SANDBOXING = YES;
				GCC_C_LANGUAGE_STANDARD = gnu17;
				GCC_DYNAMIC_NO_PIC = NO;
				GCC_NO_COMMON_BLOCKS = YES;
				GCC_OPTIMIZATION_LEVEL = 0;
				GCC_PREPROCESSOR_DEFINITIONS = (
					"DEBUG=1",
					"$(inherited)",
				);
				GCC_WARN_64_TO_32_BIT_CONVERSION = YES;
				GCC_WARN_ABOUT_RETURN_TYPE = YES_ERROR;
				GCC_WARN_UNDECLARED_SELECTOR = YES;
				GCC_WARN_UNINITIALIZED_AUTOS = YES_AGGRESSIVE;
				GCC_WARN_UNUSED_FUNCTION = YES;
				GCC_WARN_UNUSED_VARIABLE = YES;
				MACOSX_DEPLOYMENT_TARGET = 14.0;
				MTL_ENABLE_DEBUG_INFO = INCLUDE_SOURCE;
				MTL_FAST_MATH = YES;
				ONLY_ACTIVE_ARCH = YES;
				SDKROOT = macosx;
				SWIFT_ACTIVE_COMPILATION_CONDITIONS = "DEBUG $(inherited)";
			};
			name = Debug;
		};
		7A0B00000000000000000085 /* Release */ = {
			isa = XCBuildConfiguration;
			buildSettings = {
				ALWAYS_SEARCH_USER_PATHS = NO;
				CLANG_ANALYZER_NONNULL = YES;
				CLANG_ANALYZER_NUMBER_OBJECT_CONVERSION = YES_AGGRESSIVE;
				CLANG_CXX_LANGUAGE_STANDARD = "gnu++20";
				CLANG_ENABLE_MODULES = YES;
				CLANG_ENABLE_OBJC_ARC = YES;
				CLANG_ENABLE_OBJC_WEAK = YES;
				CLANG_WARN_BLOCK_CAPTURE_AUTORELEASING = YES;
				CLANG_WARN_BOOL_CONVERSION = YES;
				CLANG_WARN_COMMA = YES;
				CLANG_WARN_CONSTANT_CONVERSION = YES;
				CLANG_WARN_DEPRECATED_OBJC_IMPLEMENTATIONS = YES;
				CLANG_WARN_DIRECT_OBJC_ISA_USAGE = YES_ERROR;
				CLANG_WARN_DOCUMENTATION_COMMENTS = YES;
				CLANG_WARN_EMPTY_BODY = YES;
				CLANG_WARN_ENUM_CONVERSION = YES;
				CLANG_WARN_INFINITE_RECURSION = YES;
				CLANG_WARN_INT_CONVERSION = YES;
				CLANG_WARN_NON_LITERAL_NULL_CONVERSION = YES;
				CLANG_WARN_OBJC_IMPLICIT_RETAIN_SELF = YES;
				CLANG_WARN_OBJC_LITERAL_CONVERSION = YES;
				CLANG_WARN_OBJC_ROOT_CLASS = YES_ERROR;
				CLANG_WARN_QUOTED_INCLUDE_IN_FRAMEWORK_HEADER = YES;
				CLANG_WARN_RANGE_LOOP_ANALYSIS = YES;
				CLANG_WARN_STRICT_PROTOTYPES = YES;
				CLANG_WARN_SUSPICIOUS_MOVE = YES;
				CLANG_WARN_UNGUARDED_AVAILABILITY = YES_AGGRESSIVE;
				CLANG_WARN_UNREACHABLE_CODE = YES;
				CLANG_WARN__DUPLICATE_METHOD_MATCH = YES;
				COPY_PHASE_STRIP = NO;
				DEBUG_INFORMATION_FORMAT = "dwarf-with-dsym";
				ENABLE_NS_ASSERTIONS = NO;
				ENABLE_STRICT_OBJC_MSGSEND = YES;
				ENABLE_USER_SCRIPT_SANDBOXING = YES;
				GCC_C_LANGUAGE_STANDARD = gnu17;
				GCC_NO_COMMON_BLOCKS = YES;
				GCC_WARN_64_TO_32_BIT_CONVERSION = YES;
				GCC_WARN_ABOUT_RETURN_TYPE = YES_ERROR;
				GCC_WARN_UNDECLARED_SELECTOR = YES;
				GCC_WARN_UNINITIALIZED_AUTOS = YES_AGGRESSIVE;
				GCC_WARN_UNUSED_FUNCTION = YES;
				GCC_WARN_UNUSED_VARIABLE = YES;
				MACOSX_DEPLOYMENT_TARGET = 14.0;
				MTL_ENABLE_DEBUG_INFO = NO;
				MTL_FAST_MATH = YES;
				SDKROOT = macosx;
				SWIFT_COMPILATION_MODE = wholemodule;
				VALIDATE_PRODUCT = YES;
			};
			name = Release;
		};
/* End XCBuildConfiguration section */

/* Begin XCConfigurationList section */
		7A0B00000000000000000070 /* Build configuration list for PBXNativeTarget "Fermo" */ = {
			isa = XCConfigurationList;
			buildConfigurations = (
				7A0B00000000000000000080 /* Debug */,
				7A0B00000000000000000081 /* Release */,
			);
			defaultConfigurationIsVisible = 0;
			defaultConfigurationName = Release;
		};
		7A0B00000000000000000071 /* Build configuration list for PBXNativeTarget "FermoFilterExtension" */ = {
			isa = XCConfigurationList;
			buildConfigurations = (
				7A0B00000000000000000082 /* Debug */,
				7A0B00000000000000000083 /* Release */,
			);
			defaultConfigurationIsVisible = 0;
			defaultConfigurationName = Release;
		};
		7A0B00000000000000000073 /* Build configuration list for PBXNativeTarget "FermoHelper" */ = {
			isa = XCConfigurationList;
			buildConfigurations = (
				7A0B00000000000000000086 /* Debug */,
				7A0B00000000000000000087 /* Release */,
			);
			defaultConfigurationIsVisible = 0;
			defaultConfigurationName = Release;
		};
		7A0B00000000000000000072 /* Build configuration list for PBXProject "Fermo" */ = {
			isa = XCConfigurationList;
			buildConfigurations = (
				7A0B00000000000000000084 /* Debug */,
				7A0B00000000000000000085 /* Release */,
			);
			defaultConfigurationIsVisible = 0;
			defaultConfigurationName = Release;
		};
/* End XCConfigurationList section */

/* Begin XCLocalSwiftPackageReference section */
		7A0B00000000000000000090 /* XCLocalSwiftPackageReference "." */ = {
			isa = XCLocalSwiftPackageReference;
			relativePath = .;
		};
/* End XCLocalSwiftPackageReference section */

/* Begin XCSwiftPackageProductDependency section */
		7A0B00000000000000000091 /* FermoCore */ = {
			isa = XCSwiftPackageProductDependency;
			package = 7A0B00000000000000000090 /* XCLocalSwiftPackageReference "." */;
			productName = FermoCore;
		};
		7A0B00000000000000000092 /* FermoSystem */ = {
			isa = XCSwiftPackageProductDependency;
			package = 7A0B00000000000000000090 /* XCLocalSwiftPackageReference "." */;
			productName = FermoSystem;
		};
/* End XCSwiftPackageProductDependency section */
	};
	rootObject = 7A0B00000000000000000099 /* Project object */;
}
